{
  "name": "webgl_2d",
  "version": "0.0.1",
  "lockfileVersion": 1,
  "requires": true,
  "dependencies": {
    "@nfactorial/webgl_display": {
      "version": "0.0.37",
      "resolved": "https://registry.npmjs.org/@nfactorial/webgl_display/-/webgl_display-0.0.37.tgz",
      "integrity": "sha512-g5aUFYykHMCcxu4iveyKpKpKaG3yN6yh6xvxTBHLL62VlGIVVogC6MrmWhDQEv2GdOLR/bmKYx8CVEpEOGR7Ng==",
      "requires": {
        "gl-mat3": "^2.0.0",
        "gl-mat4": "^1.2.0",
        "gl-quat": "^1.0.0",
        "gl-vec2": "^1.3.0",
        "gl-vec3": "^1.1.3",
        "gl-vec4": "^1.0.1"
      }
    },
    "@nfactorial/webgl_helper": {
      "version": "0.0.22",
      "resolved": "https://registry.npmjs.org/@nfactorial/webgl_helper/-/webgl_helper-0.0.22.tgz",
      "integrity": "sha512-8kYaMzPU6hM7xpf67+hygnqEsB3nXkTu3awNhLaIdQcCoG6ZiLhfBL3y4GSVORBU7KQhmLvOPcMJEY5blFARMw=="
    },
    "gl-mat3": {
      "version": "2.0.0",
      "resolved": "https://registry.npmjs.org/gl-mat3/-/gl-mat3-2.0.0.tgz",
      "integrity": "sha512-/RfKyizhztkG+gH07lA0/OI9uXVEqDrvjza1U8kZc3Sjvn/iT1a99jyL1WtLzXMn/BYp0geE2/DsNp9GCXp28Q=="
    },
    "gl-mat4": {
      "version": "1.2.0",
      "resolved": "https://registry.npmjs.org/gl-mat4/-/gl-mat4-1.2.0.tgz",
      "integrity": "sha512-sT5C0pwB1/e9G9AvAoLsoaJtbMGjfd/jfxo8jMCKqYYEnjZuFvqV5rehqar0538EmssjdDeiEWnKyBSTw7quoA=="
    },
    "gl-quat": {
      "version": "1.0.0",
      "resolved": "https://registry.npmjs.org/gl-quat/-/gl-quat-1.0.0.tgz",
      "integrity": "sha1-CUXskjOG9FMpvl3DV7HIwtR1hsU=",
      "requires": {
        "gl-mat3": "^1.0.0",
        "gl-vec3": "^1.0.3",
        "gl-vec4": "^1.0.0"
      },
      "dependencies": {
        "gl-mat3": {
          "version": "1.0.0",
          "resolved": "https://registry.npmjs.org/gl-mat3/-/gl-mat3-1.0.0.tgz",
          "integrity": "sha1-iWMyGcpCk3mha5GF2V1BcTRTuRI="
        }
      }
    },
    "gl-vec2": {
      "version": "1.3.0",
      "resolved": "https://registry.npmjs.org/gl-vec2/-/gl-vec2-1.3.0.tgz",
      "integrity": "sha512-YiqaAuNsheWmUV0Sa8k94kBB0D6RWjwZztyO+trEYS8KzJ6OQB/4686gdrf59wld4hHFIvaxynO3nRxpk1Ij/A=="
    },
    "gl-vec3": {
      "version": "1.1.3",
      "resolved": "https://registry.npmjs.org/gl-vec3/-/gl-vec3-1.1.3.tgz",
      "integrity": "sha512-jduKUqT0SGH02l8Yl+mV1yVsDfYgQAJyXGxkJQGyxPLHRiW25DwVIRPt6uvhrEMHftJfqhqKthRcyZqNEl9Xdw=="
    },
    "gl-vec4": {
      "version": "1.0.1",
      "resolved": "https://registry.npmjs.org/gl-vec4/-/gl-vec4-1.0.1.tgz",
      "integrity": "sha1-l9loeCgbFLUyy84QF4Xf0cs0CWQ="
    }
  }
}
